
Microsoft Visual Studio Solution File, Format Version 12.00
# Visual Studio Version 17
VisualStudioVersion = 17.11.35431.28
MinimumVisualStudioVersion = 10.0.40219.1
Project("{8BC9CEB8-8B4A-11D0-8D11-00A0C91BC942}") = "hxlang", "hxlang.vcxproj", "{D9A89974-7595-4737-9528-0BF447B8C9F6}"
EndProject
Global
	GlobalSection(SolutionConfigurationPlatforms) = preSolution
		Debug|x64 = Debug|x64
		Debug|x86 = Debug|x86
		Release|x64 = Release|x64
		Release|x86 = Release|x86
	EndGlobalSection
	GlobalSection(ProjectConfigurationPlatforms) = postSolution
		{D9A89974-7595-4737-9528-0BF447B8C9F6}.Debug|x64.ActiveCfg = Debug|x64
		{D9A89974-7595-4737-9528-0BF447B8C9F6}.Debug|x64.Build.0 = Debug|x64
		{D9A89974-7595-4737-9528-0BF447B8C9F6}.Debug|x86.ActiveCfg = Debug|Win32
		{D9A89974-7595-4737-9528-0BF447B8C9F6}.Debug|x86.Build.0 = Debug|Win32
		{D9A89974-7595-4737-9528-0BF447B8C9F6}.Release|x64.ActiveCfg = Release|x64
		{D9A89974-7595-4737-9528-0BF447B8C9F6}.Release|x64.Build.0 = Release|x64
		{D9A89974-7595-4737-9528-0BF447B8C9F6}.Release|x86.ActiveCfg = Release|Win32
		{D9A89974-7595-4737-9528-0BF447B8C9F6}.Release|x86.Build.0 = Release|Win32
	EndGlobalSection
	GlobalSection(SolutionProperties) = preSolution
		HideSolutionNode = FALSE
	EndGlobalSection
	GlobalSection(ExtensibilityGlobals) = postSolution
		SolutionGuid = {B6298593-5AEA-4BF4-81AE-9A0B77B88ACB}
	EndGlobalSection
EndGlobal
